
Microsoft Visual Studio Solution File, Format Version 12.00
# Visual Studio Version 17
VisualStudioVersion = 17.3.32901.215
MinimumVisualStudioVersion = 10.0.40219.1
Project("{9A19103F-16F7-4668-BE54-9A1E7A4F7556}") = "TourPlannerFrontEnd", "TourPlannerFrontEnd\TourPlannerFrontEnd.csproj", "{DF908EF5-9267-4272-BC3D-22D2CC3887CA}"
EndProject
Project("{9A19103F-16F7-4668-BE54-9A1E7A4F7556}") = "TourPlannerBackEnd", "TourPlannerBackEnd\TourPlannerBackEnd.csproj", "{30481EEE-B370-4E62-BAB1-DD69FF5A30DC}"
EndProject
Project("{9A19103F-16F7-4668-BE54-9A1E7A4F7556}") = "TourPlannerTests", "TourPlannerTests\TourPlannerTests.csproj", "{50B097E3-328F-41BA-9E18-42144C65BD96}"
EndProject
Project("{9A19103F-16F7-4668-BE54-9A1E7A4F7556}") = "TourPlanner.DataAccess", "TourPlanner.DataAccess\TourPlanner.DataAccess.csproj", "{73FB44EC-9119-4AC4-83C1-CB2483400F37}"
EndProject
Project("{FAE04EC0-301F-11D3-BF4B-00C04F79EFBC}") = "TourPlanner.MapQuestApi", "TourPlanner.MapRequestApi\TourPlanner.MapQuestApi.csproj", "{C62B5B17-46EE-410E-ACD6-A4962196E5AA}"
EndProject
Global
	GlobalSection(SolutionConfigurationPlatforms) = preSolution
		Debug|Any CPU = Debug|Any CPU
		Release|Any CPU = Release|Any CPU
	EndGlobalSection
	GlobalSection(ProjectConfigurationPlatforms) = postSolution
		{DF908EF5-9267-4272-BC3D-22D2CC3887CA}.Debug|Any CPU.ActiveCfg = Debug|Any CPU
		{DF908EF5-9267-4272-BC3D-22D2CC3887CA}.Debug|Any CPU.Build.0 = Debug|Any CPU
		{DF908EF5-9267-4272-BC3D-22D2CC3887CA}.Release|Any CPU.ActiveCfg = Release|Any CPU
		{DF908EF5-9267-4272-BC3D-22D2CC3887CA}.Release|Any CPU.Build.0 = Release|Any CPU
		{30481EEE-B370-4E62-BAB1-DD69FF5A30DC}.Debug|Any CPU.ActiveCfg = Debug|Any CPU
		{30481EEE-B370-4E62-BAB1-DD69FF5A30DC}.Debug|Any CPU.Build.0 = Debug|Any CPU
		{30481EEE-B370-4E62-BAB1-DD69FF5A30DC}.Release|Any CPU.ActiveCfg = Release|Any CPU
		{30481EEE-B370-4E62-BAB1-DD69FF5A30DC}.Release|Any CPU.Build.0 = Release|Any CPU
		{50B097E3-328F-41BA-9E18-42144C65BD96}.Debug|Any CPU.ActiveCfg = Debug|Any CPU
		{50B097E3-328F-41BA-9E18-42144C65BD96}.Debug|Any CPU.Build.0 = Debug|Any CPU
		{50B097E3-328F-41BA-9E18-42144C65BD96}.Release|Any CPU.ActiveCfg = Release|Any CPU
		{50B097E3-328F-41BA-9E18-42144C65BD96}.Release|Any CPU.Build.0 = Release|Any CPU
		{73FB44EC-9119-4AC4-83C1-CB2483400F37}.Debug|Any CPU.ActiveCfg = Debug|Any CPU
		{73FB44EC-9119-4AC4-83C1-CB2483400F37}.Debug|Any CPU.Build.0 = Debug|Any CPU
		{73FB44EC-9119-4AC4-83C1-CB2483400F37}.Release|Any CPU.ActiveCfg = Release|Any CPU
		{73FB44EC-9119-4AC4-83C1-CB2483400F37}.Release|Any CPU.Build.0 = Release|Any CPU
		{C62B5B17-46EE-410E-ACD6-A4962196E5AA}.Debug|Any CPU.ActiveCfg = Debug|Any CPU
		{C62B5B17-46EE-410E-ACD6-A4962196E5AA}.Debug|Any CPU.Build.0 = Debug|Any CPU
		{C62B5B17-46EE-410E-ACD6-A4962196E5AA}.Release|Any CPU.ActiveCfg = Release|Any CPU
		{C62B5B17-46EE-410E-ACD6-A4962196E5AA}.Release|Any CPU.Build.0 = Release|Any CPU
	EndGlobalSection
	GlobalSection(SolutionProperties) = preSolution
		HideSolutionNode = FALSE
	EndGlobalSection
	GlobalSection(ExtensibilityGlobals) = postSolution
		SolutionGuid = {E74C1E78-67B4-4314-8BB6-CE704BF78726}
	EndGlobalSection
EndGlobal
